
Microsoft Visual Studio Solution File, Format Version 12.00
# Visual Studio 15
VisualStudioVersion = 15.0.27703.2026
MinimumVisualStudioVersion = 10.0.40219.1
Project("{F2A71F9B-5D33-465A-A702-920D77279786}") = "FsSanmoku", "FsSanmoku\FsSanmoku.fsproj", "{3DFFAB7B-FD73-47BB-8BF0-154F676A78EB}"
EndProject
Global
	GlobalSection(SolutionConfigurationPlatforms) = preSolution
		Debug|Any CPU = Debug|Any CPU
		Release|Any CPU = Release|Any CPU
	EndGlobalSection
	GlobalSection(ProjectConfigurationPlatforms) = postSolution
		{3DFFAB7B-FD73-47BB-8BF0-154F676A78EB}.Debug|Any CPU.ActiveCfg = Debug|Any CPU
		{3DFFAB7B-FD73-47BB-8BF0-154F676A78EB}.Debug|Any CPU.Build.0 = Debug|Any CPU
		{3DFFAB7B-FD73-47BB-8BF0-154F676A78EB}.Release|Any CPU.ActiveCfg = Release|Any CPU
		{3DFFAB7B-FD73-47BB-8BF0-154F676A78EB}.Release|Any CPU.Build.0 = Release|Any CPU
	EndGlobalSection
	GlobalSection(SolutionProperties) = preSolution
		HideSolutionNode = FALSE
	EndGlobalSection
	GlobalSection(ExtensibilityGlobals) = postSolution
		SolutionGuid = {E249ADF7-D40D-4403-8A48-587E98466AD7}
	EndGlobalSection
EndGlobal
